
Microsoft Visual Studio Solution File, Format Version 12.00
# Visual Studio Version 17
VisualStudioVersion = 17.6.33829.357
MinimumVisualStudioVersion = 10.0.40219.1
Project("{FAE04EC0-301F-11D3-BF4B-00C04F79EFBC}") = "NZWalks.API", "NZWalks.API\NZWalks.API.csproj", "{4AF5BB3E-DB97-4530-B9F8-728D0E1E9377}"
EndProject
Global
	GlobalSection(SolutionConfigurationPlatforms) = preSolution
		Debug|Any CPU = Debug|Any CPU
		Release|Any CPU = Release|Any CPU
	EndGlobalSection
	GlobalSection(ProjectConfigurationPlatforms) = postSolution
		{4AF5BB3E-DB97-4530-B9F8-728D0E1E9377}.Debug|Any CPU.ActiveCfg = Debug|Any CPU
		{4AF5BB3E-DB97-4530-B9F8-728D0E1E9377}.Debug|Any CPU.Build.0 = Debug|Any CPU
		{4AF5BB3E-DB97-4530-B9F8-728D0E1E9377}.Release|Any CPU.ActiveCfg = Release|Any CPU
		{4AF5BB3E-DB97-4530-B9F8-728D0E1E9377}.Release|Any CPU.Build.0 = Release|Any CPU
	EndGlobalSection
	GlobalSection(SolutionProperties) = preSolution
		HideSolutionNode = FALSE
	EndGlobalSection
	GlobalSection(ExtensibilityGlobals) = postSolution
		SolutionGuid = {8743A618-1DC6-467D-9080-120CE8A9676E}
	EndGlobalSection
EndGlobal
